{
  "version": 4,
  "terraform_version": "1.15.7",
  "serial": 17,
  "lineage": "033955ee-d522-8008-dd9e-774db7f2a108",
  "outputs": {
    "bucket_names": {
      "value": {
        "input": "your-gcp-project-id-dev-retail-input",
        "jobs": "your-gcp-project-id-dev-retail-jobs",
        "output": "your-gcp-project-id-dev-retail-output"
      },
      "type": [
        "object",
        {
          "input": "string",
          "jobs": "string",
          "output": "string"
        }
      ]
    },
    "bucket_urls": {
      "value": {
        "input": "gs://your-gcp-project-id-dev-retail-input",
        "jobs": "gs://your-gcp-project-id-dev-retail-jobs",
        "output": "gs://your-gcp-project-id-dev-retail-output"
      },
      "type": [
        "object",
        {
          "input": "string",
          "jobs": "string",
          "output": "string"
        }
      ]
    },
    "enabled_apis": {
      "value": [
        "compute.googleapis.com",
        "dataproc.googleapis.com",
        "iam.googleapis.com",
        "iamcredentials.googleapis.com",
        "storage.googleapis.com"
      ],
      "type": [
        "tuple",
        [
          "string",
          "string",
          "string",
          "string",
          "string"
        ]
      ]
    },
    "input_data_uri": {
      "value": "gs://your-gcp-project-id-dev-retail-input/input/retail_transactions.csv",
      "type": "string"
    },
    "jobs_script_uri": {
      "value": "gs://your-gcp-project-id-dev-retail-jobs/jobs/retail_aggregation.py",
      "type": "string"
    },
    "output_data_uri": {
      "value": "gs://your-gcp-project-id-dev-retail-output/output/market_summary/",
      "type": "string"
    },
    "service_account_email": {
      "value": "sa-dev-retail-dataproc@budigital-practiceecommretail.iam.gserviceaccount.com",
      "type": "string"
    },
    "service_account_name": {
      "value": "projects/budigital-practiceecommretail/serviceAccounts/sa-dev-retail-dataproc@budigital-practiceecommretail.iam.gserviceaccount.com",
      "type": "string"
    },
    "workload_identity_pool_name": {
      "value": "projects/85838543746/locations/global/workloadIdentityPools/github-pool",
      "type": "string"
    },
    "workload_identity_provider_name": {
      "value": "projects/85838543746/locations/global/workloadIdentityPools/github-pool/providers/github-provider",
      "type": "string"
    }
  },
  "resources": [
    {
      "module": "module.api",
      "mode": "managed",
      "type": "google_project_service",
      "name": "enabled",
      "provider": "provider[\"registry.terraform.io/hashicorp/google\"]",
      "instances": [
        {
          "index_key": "compute.googleapis.com",
          "schema_version": 0,
          "attributes": {
            "deletion_policy": "DELETE",
            "disable_dependent_services": null,
            "disable_on_destroy": true,
            "id": "budigital-practiceecommretail/compute.googleapis.com",
            "project": "budigital-practiceecommretail",
            "service": "compute.googleapis.com",
            "timeouts": null
          },
          "sensitive_attributes": [],
          "identity_schema_version": 1,
          "identity": {
            "project": "budigital-practiceecommretail",
            "service": "compute.googleapis.com"
          },
          "private": "eyJlMmJmYjczMC1lY2FhLTExZTYtOGY4OC0zNDM2M2JjN2M0YzAiOnsiY3JlYXRlIjoxMjAwMDAwMDAwMDAwLCJkZWxldGUiOjEyMDAwMDAwMDAwMDAsInJlYWQiOjYwMDAwMDAwMDAwMCwidXBkYXRlIjoxMjAwMDAwMDAwMDAwfX0="
        },
        {
          "index_key": "dataproc.googleapis.com",
          "schema_version": 0,
          "attributes": {
            "deletion_policy": "DELETE",
            "disable_dependent_services": null,
            "disable_on_destroy": true,
            "id": "budigital-practiceecommretail/dataproc.googleapis.com",
            "project": "budigital-practiceecommretail",
            "service": "dataproc.googleapis.com",
            "timeouts": null
          },
          "sensitive_attributes": [],
          "identity_schema_version": 1,
          "identity": {
            "project": "budigital-practiceecommretail",
            "service": "dataproc.googleapis.com"
          },
          "private": "eyJlMmJmYjczMC1lY2FhLTExZTYtOGY4OC0zNDM2M2JjN2M0YzAiOnsiY3JlYXRlIjoxMjAwMDAwMDAwMDAwLCJkZWxldGUiOjEyMDAwMDAwMDAwMDAsInJlYWQiOjYwMDAwMDAwMDAwMCwidXBkYXRlIjoxMjAwMDAwMDAwMDAwfX0="
        },
        {
          "index_key": "iam.googleapis.com",
          "schema_version": 0,
          "attributes": {
            "deletion_policy": "DELETE",
            "disable_dependent_services": null,
            "disable_on_destroy": true,
            "id": "budigital-practiceecommretail/iam.googleapis.com",
            "project": "budigital-practiceecommretail",
            "service": "iam.googleapis.com",
            "timeouts": null
          },
          "sensitive_attributes": [],
          "identity_schema_version": 1,
          "identity": {
            "project": "budigital-practiceecommretail",
            "service": "iam.googleapis.com"
          },
          "private": "eyJlMmJmYjczMC1lY2FhLTExZTYtOGY4OC0zNDM2M2JjN2M0YzAiOnsiY3JlYXRlIjoxMjAwMDAwMDAwMDAwLCJkZWxldGUiOjEyMDAwMDAwMDAwMDAsInJlYWQiOjYwMDAwMDAwMDAwMCwidXBkYXRlIjoxMjAwMDAwMDAwMDAwfX0="
        },
        {
          "index_key": "iamcredentials.googleapis.com",
          "schema_version": 0,
          "attributes": {
            "deletion_policy": "DELETE",
            "disable_dependent_services": null,
            "disable_on_destroy": true,
            "id": "budigital-practiceecommretail/iamcredentials.googleapis.com",
            "project": "budigital-practiceecommretail",
            "service": "iamcredentials.googleapis.com",
            "timeouts": null
          },
          "sensitive_attributes": [],
          "identity_schema_version": 1,
          "identity": {
            "project": "budigital-practiceecommretail",
            "service": "iamcredentials.googleapis.com"
          },
          "private": "eyJlMmJmYjczMC1lY2FhLTExZTYtOGY4OC0zNDM2M2JjN2M0YzAiOnsiY3JlYXRlIjoxMjAwMDAwMDAwMDAwLCJkZWxldGUiOjEyMDAwMDAwMDAwMDAsInJlYWQiOjYwMDAwMDAwMDAwMCwidXBkYXRlIjoxMjAwMDAwMDAwMDAwfX0="
        },
        {
          "index_key": "storage.googleapis.com",
          "schema_version": 0,
          "attributes": {
            "deletion_policy": "DELETE",
            "disable_dependent_services": null,
            "disable_on_destroy": true,
            "id": "budigital-practiceecommretail/storage.googleapis.com",
            "project": "budigital-practiceecommretail",
            "service": "storage.googleapis.com",
            "timeouts": null
          },
          "sensitive_attributes": [],
          "identity_schema_version": 1,
          "identity": {
            "project": "budigital-practiceecommretail",
            "service": "storage.googleapis.com"
          },
          "private": "eyJlMmJmYjczMC1lY2FhLTExZTYtOGY4OC0zNDM2M2JjN2M0YzAiOnsiY3JlYXRlIjoxMjAwMDAwMDAwMDAwLCJkZWxldGUiOjEyMDAwMDAwMDAwMDAsInJlYWQiOjYwMDAwMDAwMDAwMCwidXBkYXRlIjoxMjAwMDAwMDAwMDAwfX0="
        }
      ]
    },
    {
      "module": "module.gcs[\"input\"]",
      "mode": "managed",
      "type": "google_storage_bucket",
      "name": "this",
      "provider": "provider[\"registry.terraform.io/hashicorp/google\"]",
      "instances": [
        {
          "schema_version": 4,
          "attributes": {
            "autoclass": [],
            "cors": [],
            "custom_placement_config": [],
            "default_event_based_hold": false,
            "deletion_policy": "DELETE",
            "effective_labels": {
              "env": "dev",
              "goog-terraform-provisioned": "true",
              "owner": "data-platform",
              "purpose": "input"
            },
            "enable_object_retention": false,
            "encryption": [],
            "force_destroy": false,
            "hierarchical_namespace": [
              {
                "enabled": false
              }
            ],
            "id": "your-gcp-project-id-dev-retail-input",
            "ip_filter": [],
            "labels": {
              "env": "dev",
              "owner": "data-platform",
              "purpose": "input"
            },
            "lifecycle_rule": [],
            "location": "ASIA-SOUTH1",
            "logging": [],
            "name": "your-gcp-project-id-dev-retail-input",
            "project": "budigital-practiceecommretail",
            "project_number": 85838543746,
            "public_access_prevention": "inherited",
            "requester_pays": false,
            "retention_policy": [],
            "rpo": null,
            "self_link": "https://www.googleapis.com/storage/v1/b/your-gcp-project-id-dev-retail-input",
            "soft_delete_policy": [
              {
                "effective_time": "2026-08-13T11:08:34.944Z",
                "retention_duration_seconds": 604800
              }
            ],
            "storage_class": "STANDARD",
            "terraform_labels": {
              "env": "dev",
              "goog-terraform-provisioned": "true",
              "owner": "data-platform",
              "purpose": "input"
            },
            "time_created": "2026-08-13T11:08:34.944Z",
            "timeouts": null,
            "uniform_bucket_level_access": true,
            "updated": "2026-08-13T11:08:34.944Z",
            "url": "gs://your-gcp-project-id-dev-retail-input",
            "versioning": [
              {
                "enabled": true
              }
            ],
            "website": []
          },
          "sensitive_attributes": [],
          "identity_schema_version": 1,
          "identity": {
            "name": "your-gcp-project-id-dev-retail-input",
            "project": "budigital-practiceecommretail"
          },
          "private": "eyJlMmJmYjczMC1lY2FhLTExZTYtOGY4OC0zNDM2M2JjN2M0YzAiOnsiY3JlYXRlIjo2MDAwMDAwMDAwMDAsInJlYWQiOjI0MDAwMDAwMDAwMCwidXBkYXRlIjoyNDAwMDAwMDAwMDB9LCJzY2hlbWFfdmVyc2lvbiI6IjQifQ=="
        }
      ]
    },
    {
      "module": "module.gcs[\"jobs\"]",
      "mode": "managed",
      "type": "google_storage_bucket",
      "name": "this",
      "provider": "provider[\"registry.terraform.io/hashicorp/google\"]",
      "instances": [
        {
          "schema_version": 4,
          "attributes": {
            "autoclass": [],
            "cors": [],
            "custom_placement_config": [],
            "default_event_based_hold": false,
            "deletion_policy": "DELETE",
            "effective_labels": {
              "env": "dev",
              "goog-terraform-provisioned": "true",
              "owner": "data-platform",
              "purpose": "jobs"
            },
            "enable_object_retention": false,
            "encryption": [],
            "force_destroy": false,
            "hierarchical_namespace": [
              {
                "enabled": false
              }
            ],
            "id": "your-gcp-project-id-dev-retail-jobs",
            "ip_filter": [],
            "labels": {
              "env": "dev",
              "owner": "data-platform",
              "purpose": "jobs"
            },
            "lifecycle_rule": [],
            "location": "ASIA-SOUTH1",
            "logging": [],
            "name": "your-gcp-project-id-dev-retail-jobs",
            "project": "budigital-practiceecommretail",
            "project_number": 85838543746,
            "public_access_prevention": "inherited",
            "requester_pays": false,
            "retention_policy": [],
            "rpo": null,
            "self_link": "https://www.googleapis.com/storage/v1/b/your-gcp-project-id-dev-retail-jobs",
            "soft_delete_policy": [
              {
                "effective_time": "2026-08-13T11:08:33.808Z",
                "retention_duration_seconds": 604800
              }
            ],
            "storage_class": "STANDARD",
            "terraform_labels": {
              "env": "dev",
              "goog-terraform-provisioned": "true",
              "owner": "data-platform",
              "purpose": "jobs"
            },
            "time_created": "2026-08-13T11:08:33.808Z",
            "timeouts": null,
            "uniform_bucket_level_access": true,
            "updated": "2026-08-13T11:08:33.808Z",
            "url": "gs://your-gcp-project-id-dev-retail-jobs",
            "versioning": [
              {
                "enabled": false
              }
            ],
            "website": []
          },
          "sensitive_attributes": [],
          "identity_schema_version": 1,
          "identity": {
            "name": "your-gcp-project-id-dev-retail-jobs",
            "project": "budigital-practiceecommretail"
          },
          "private": "eyJlMmJmYjczMC1lY2FhLTExZTYtOGY4OC0zNDM2M2JjN2M0YzAiOnsiY3JlYXRlIjo2MDAwMDAwMDAwMDAsInJlYWQiOjI0MDAwMDAwMDAwMCwidXBkYXRlIjoyNDAwMDAwMDAwMDB9LCJzY2hlbWFfdmVyc2lvbiI6IjQifQ=="
        }
      ]
    },
    {
      "module": "module.gcs[\"output\"]",
      "mode": "managed",
      "type": "google_storage_bucket",
      "name": "this",
      "provider": "provider[\"registry.terraform.io/hashicorp/google\"]",
      "instances": [
        {
          "schema_version": 4,
          "attributes": {
            "autoclass": [],
            "cors": [],
            "custom_placement_config": [],
            "default_event_based_hold": false,
            "deletion_policy": "DELETE",
            "effective_labels": {
              "env": "dev",
              "goog-terraform-provisioned": "true",
              "owner": "data-platform",
              "purpose": "output"
            },
            "enable_object_retention": false,
            "encryption": [],
            "force_destroy": false,
            "hierarchical_namespace": [
              {
                "enabled": false
              }
            ],
            "id": "your-gcp-project-id-dev-retail-output",
            "ip_filter": [],
            "labels": {
              "env": "dev",
              "owner": "data-platform",
              "purpose": "output"
            },
            "lifecycle_rule": [],
            "location": "ASIA-SOUTH1",
            "logging": [],
            "name": "your-gcp-project-id-dev-retail-output",
            "project": "budigital-practiceecommretail",
            "project_number": 85838543746,
            "public_access_prevention": "inherited",
            "requester_pays": false,
            "retention_policy": [],
            "rpo": null,
            "self_link": "https://www.googleapis.com/storage/v1/b/your-gcp-project-id-dev-retail-output",
            "soft_delete_policy": [
              {
                "effective_time": "2026-08-13T11:08:32.603Z",
                "retention_duration_seconds": 604800
              }
            ],
            "storage_class": "STANDARD",
            "terraform_labels": {
              "env": "dev",
              "goog-terraform-provisioned": "true",
              "owner": "data-platform",
              "purpose": "output"
            },
            "time_created": "2026-08-13T11:08:32.603Z",
            "timeouts": null,
            "uniform_bucket_level_access": true,
            "updated": "2026-08-13T11:08:32.603Z",
            "url": "gs://your-gcp-project-id-dev-retail-output",
            "versioning": [
              {
                "enabled": false
              }
            ],
            "website": []
          },
          "sensitive_attributes": [],
          "identity_schema_version": 1,
          "identity": {
            "name": "your-gcp-project-id-dev-retail-output",
            "project": "budigital-practiceecommretail"
          },
          "private": "eyJlMmJmYjczMC1lY2FhLTExZTYtOGY4OC0zNDM2M2JjN2M0YzAiOnsiY3JlYXRlIjo2MDAwMDAwMDAwMDAsInJlYWQiOjI0MDAwMDAwMDAwMCwidXBkYXRlIjoyNDAwMDAwMDAwMDB9LCJzY2hlbWFfdmVyc2lvbiI6IjQifQ=="
        }
      ]
    },
    {
      "module": "module.service_account",
      "mode": "managed",
      "type": "google_service_account",
      "name": "this",
      "provider": "provider[\"registry.terraform.io/hashicorp/google\"]",
      "instances": [
        {
          "schema_version": 0,
          "attributes": {
            "account_id": "sa-dev-retail-dataproc",
            "create_ignore_already_exists": null,
            "deletion_policy": "DELETE",
            "description": "Used by Dataproc and pipeline jobs in dev.",
            "disabled": false,
            "display_name": "Retail Dataproc Service Account",
            "email": "sa-dev-retail-dataproc@budigital-practiceecommretail.iam.gserviceaccount.com",
            "id": "projects/budigital-practiceecommretail/serviceAccounts/sa-dev-retail-dataproc@budigital-practiceecommretail.iam.gserviceaccount.com",
            "member": "serviceAccount:sa-dev-retail-dataproc@budigital-practiceecommretail.iam.gserviceaccount.com",
            "name": "projects/budigital-practiceecommretail/serviceAccounts/sa-dev-retail-dataproc@budigital-practiceecommretail.iam.gserviceaccount.com",
            "project": "budigital-practiceecommretail",
            "timeouts": null,
            "unique_id": "109718461313757557616"
          },
          "sensitive_attributes": [],
          "identity_schema_version": 1,
          "identity": {
            "email": "sa-dev-retail-dataproc@budigital-practiceecommretail.iam.gserviceaccount.com",
            "project": "budigital-practiceecommretail"
          },
          "private": "eyJlMmJmYjczMC1lY2FhLTExZTYtOGY4OC0zNDM2M2JjN2M0YzAiOnsiY3JlYXRlIjozMDAwMDAwMDAwMDB9fQ=="
        }
      ]
    },
    {
      "module": "module.service_account_bucket_iam",
      "mode": "managed",
      "type": "google_storage_bucket_iam_member",
      "name": "multi_bucket_bindings",
      "provider": "provider[\"registry.terraform.io/hashicorp/google\"]",
      "instances": [
        {
          "index_key": "your-gcp-project-id-dev-retail-input-roles/storage.objectAdmin",
          "schema_version": 0,
          "attributes": {
            "bucket": "b/your-gcp-project-id-dev-retail-input",
            "condition": [],
            "etag": "CAI=",
            "id": "b/your-gcp-project-id-dev-retail-input/roles/storage.objectAdmin/serviceAccount:sa-dev-retail-dataproc@budigital-practiceecommretail.iam.gserviceaccount.com",
            "member": "serviceAccount:sa-dev-retail-dataproc@budigital-practiceecommretail.iam.gserviceaccount.com",
            "role": "roles/storage.objectAdmin",
            "timeouts": null
          },
          "sensitive_attributes": [],
          "identity_schema_version": 0,
          "private": "eyJlMmJmYjczMC1lY2FhLTExZTYtOGY4OC0zNDM2M2JjN2M0YzAiOnsiY3JlYXRlIjoxMjAwMDAwMDAwMDAwfX0=",
          "dependencies": [
            "module.service_account.google_service_account.this"
          ]
        },
        {
          "index_key": "your-gcp-project-id-dev-retail-jobs-roles/storage.objectAdmin",
          "schema_version": 0,
          "attributes": {
            "bucket": "b/your-gcp-project-id-dev-retail-jobs",
            "condition": [],
            "etag": "CAI=",
            "id": "b/your-gcp-project-id-dev-retail-jobs/roles/storage.objectAdmin/serviceAccount:sa-dev-retail-dataproc@budigital-practiceecommretail.iam.gserviceaccount.com",
            "member": "serviceAccount:sa-dev-retail-dataproc@budigital-practiceecommretail.iam.gserviceaccount.com",
            "role": "roles/storage.objectAdmin",
            "timeouts": null
          },
          "sensitive_attributes": [],
          "identity_schema_version": 0,
          "private": "eyJlMmJmYjczMC1lY2FhLTExZTYtOGY4OC0zNDM2M2JjN2M0YzAiOnsiY3JlYXRlIjoxMjAwMDAwMDAwMDAwfX0=",
          "dependencies": [
            "module.service_account.google_service_account.this"
          ]
        },
        {
          "index_key": "your-gcp-project-id-dev-retail-output-roles/storage.objectAdmin",
          "schema_version": 0,
          "attributes": {
            "bucket": "b/your-gcp-project-id-dev-retail-output",
            "condition": [],
            "etag": "CAI=",
            "id": "b/your-gcp-project-id-dev-retail-output/roles/storage.objectAdmin/serviceAccount:sa-dev-retail-dataproc@budigital-practiceecommretail.iam.gserviceaccount.com",
            "member": "serviceAccount:sa-dev-retail-dataproc@budigital-practiceecommretail.iam.gserviceaccount.com",
            "role": "roles/storage.objectAdmin",
            "timeouts": null
          },
          "sensitive_attributes": [],
          "identity_schema_version": 0,
          "private": "eyJlMmJmYjczMC1lY2FhLTExZTYtOGY4OC0zNDM2M2JjN2M0YzAiOnsiY3JlYXRlIjoxMjAwMDAwMDAwMDAwfX0=",
          "dependencies": [
            "module.service_account.google_service_account.this"
          ]
        }
      ]
    },
    {
      "module": "module.service_account_project_iam",
      "mode": "managed",
      "type": "google_project_iam_member",
      "name": "project_bindings",
      "provider": "provider[\"registry.terraform.io/hashicorp/google\"]",
      "instances": [
        {
          "index_key": "roles/dataproc.editor",
          "schema_version": 0,
          "attributes": {
            "condition": [],
            "etag": "BwZY67umxD4=",
            "id": "budigital-practiceecommretail/roles/dataproc.editor/serviceAccount:sa-dev-retail-dataproc@budigital-practiceecommretail.iam.gserviceaccount.com",
            "member": "serviceAccount:sa-dev-retail-dataproc@budigital-practiceecommretail.iam.gserviceaccount.com",
            "project": "budigital-practiceecommretail",
            "role": "roles/dataproc.editor"
          },
          "sensitive_attributes": [],
          "identity_schema_version": 1,
          "identity": {
            "condition_title": null,
            "member": "serviceAccount:sa-dev-retail-dataproc@budigital-practiceecommretail.iam.gserviceaccount.com",
            "project": "budigital-practiceecommretail",
            "role": "roles/dataproc.editor"
          },
          "private": "bnVsbA==",
          "dependencies": [
            "module.service_account.google_service_account.this"
          ]
        }
      ]
    },
    {
      "module": "module.workload_identity",
      "mode": "managed",
      "type": "google_iam_workload_identity_pool",
      "name": "github",
      "provider": "provider[\"registry.terraform.io/hashicorp/google\"]",
      "instances": [
        {
          "index_key": 0,
          "schema_version": 0,
          "attributes": {
            "attestation_rules": [],
            "deletion_policy": "DELETE",
            "description": "Federation pool for GitHub Actions OIDC tokens.",
            "disabled": false,
            "display_name": "GitHub Actions Pool",
            "id": "projects/budigital-practiceecommretail/locations/global/workloadIdentityPools/github-pool",
            "inline_certificate_issuance_config": [],
            "inline_trust_config": [],
            "mode": "",
            "name": "projects/85838543746/locations/global/workloadIdentityPools/github-pool",
            "project": "budigital-practiceecommretail",
            "state": "ACTIVE",
            "timeouts": null,
            "workload_identity_pool_id": "github-pool"
          },
          "sensitive_attributes": [],
          "identity_schema_version": 1,
          "identity": {
            "project": "budigital-practiceecommretail",
            "workload_identity_pool_id": "github-pool"
          },
          "private": "eyJlMmJmYjczMC1lY2FhLTExZTYtOGY4OC0zNDM2M2JjN2M0YzAiOnsiY3JlYXRlIjoxMjAwMDAwMDAwMDAwLCJkZWxldGUiOjEyMDAwMDAwMDAwMDAsInVwZGF0ZSI6MTIwMDAwMDAwMDAwMH19"
        }
      ]
    },
    {
      "module": "module.workload_identity",
      "mode": "managed",
      "type": "google_iam_workload_identity_pool_provider",
      "name": "github",
      "provider": "provider[\"registry.terraform.io/hashicorp/google\"]",
      "instances": [
        {
          "schema_version": 0,
          "attributes": {
            "attribute_condition": "assertion.repository_owner == \"nsriramcharan\"",
            "attribute_mapping": {
              "attribute.actor": "assertion.actor",
              "attribute.aud": "assertion.aud",
              "attribute.ref": "assertion.ref",
              "attribute.repository": "assertion.repository",
              "google.subject": "assertion.sub"
            },
            "aws": [],
            "deletion_policy": "DELETE",
            "description": "OIDC provider for GitHub Actions tokens.",
            "disabled": false,
            "display_name": "GitHub OIDC Provider",
            "id": "projects/budigital-practiceecommretail/locations/global/workloadIdentityPools/github-pool/providers/github-provider",
            "name": "projects/85838543746/locations/global/workloadIdentityPools/github-pool/providers/github-provider",
            "oidc": [
              {
                "allowed_audiences": null,
                "issuer_uri": "https://token.actions.githubusercontent.com",
                "jwks_json": ""
              }
            ],
            "project": "budigital-practiceecommretail",
            "saml": [],
            "state": "ACTIVE",
            "timeouts": null,
            "workload_identity_pool_id": "github-pool",
            "workload_identity_pool_provider_id": "github-provider",
            "x509": []
          },
          "sensitive_attributes": [],
          "identity_schema_version": 1,
          "identity": {
            "project": "budigital-practiceecommretail",
            "workload_identity_pool_id": "github-pool",
            "workload_identity_pool_provider_id": "github-provider"
          },
          "private": "eyJlMmJmYjczMC1lY2FhLTExZTYtOGY4OC0zNDM2M2JjN2M0YzAiOnsiY3JlYXRlIjoxMjAwMDAwMDAwMDAwLCJkZWxldGUiOjEyMDAwMDAwMDAwMDAsInVwZGF0ZSI6MTIwMDAwMDAwMDAwMH19",
          "dependencies": [
            "module.workload_identity.google_iam_workload_identity_pool.github"
          ]
        }
      ]
    },
    {
      "module": "module.workload_identity",
      "mode": "managed",
      "type": "google_service_account_iam_member",
      "name": "wif_user",
      "provider": "provider[\"registry.terraform.io/hashicorp/google\"]",
      "instances": [
        {
          "schema_version": 0,
          "attributes": {
            "condition": [],
            "etag": "BwZY67tnhJQ=",
            "id": "projects/budigital-practiceecommretail/serviceAccounts/sa-dev-retail-dataproc@budigital-practiceecommretail.iam.gserviceaccount.com/roles/iam.workloadIdentityUser/principalSet://iam.googleapis.com/projects/85838543746/locations/global/workloadIdentityPools/github-pool/attribute.repository/nsriramcharan/gcp-pipeline-poc",
            "member": "principalSet://iam.googleapis.com/projects/85838543746/locations/global/workloadIdentityPools/github-pool/attribute.repository/nsriramcharan/gcp-pipeline-poc",
            "role": "roles/iam.workloadIdentityUser",
            "service_account_id": "projects/budigital-practiceecommretail/serviceAccounts/sa-dev-retail-dataproc@budigital-practiceecommretail.iam.gserviceaccount.com"
          },
          "sensitive_attributes": [],
          "identity_schema_version": 1,
          "identity": {
            "condition_title": null,
            "member": "principalSet://iam.googleapis.com/projects/85838543746/locations/global/workloadIdentityPools/github-pool/attribute.repository/nsriramcharan/gcp-pipeline-poc",
            "role": "roles/iam.workloadIdentityUser",
            "service_account_id": "projects/budigital-practiceecommretail/serviceAccounts/sa-dev-retail-dataproc@budigital-practiceecommretail.iam.gserviceaccount.com"
          },
          "private": "bnVsbA==",
          "dependencies": [
            "module.service_account.google_service_account.this",
            "module.workload_identity.google_iam_workload_identity_pool.github"
          ]
        }
      ]
    }
  ],
  "check_results": [
    {
      "object_kind": "var",
      "config_addr": "module.service_account_bucket_iam.var.bucket_roles",
      "status": "pass",
      "objects": [
        {
          "object_addr": "module.service_account_bucket_iam.var.bucket_roles",
          "status": "pass"
        }
      ]
    },
    {
      "object_kind": "var",
      "config_addr": "module.service_account_project_iam.var.bucket_roles",
      "status": "pass",
      "objects": [
        {
          "object_addr": "module.service_account_project_iam.var.bucket_roles",
          "status": "pass"
        }
      ]
    }
  ]
}
